{
  "name": "compilex",
  "version": "0.7.4",
  "lockfileVersion": 1,
  "requires": true,
  "dependencies": {
    "colors": {
      "version": "0.6.2",
      "resolved": "https://registry.npmjs.org/colors/-/colors-0.6.2.tgz",
      "integrity": "sha1-JCP+ZnisDF2uiFLl0OW+CMmXq8w="
    },
    "compile-run": {
      "version": "2.3.4",
      "resolved": "https://registry.npmjs.org/compile-run/-/compile-run-2.3.4.tgz",
      "integrity": "sha512-O0veikr1Lkbq6uBpow7qDi2v/37GJKYghwJzpp5zfU4uVcgVcU0jz6mzCQeux1HCqknHNijEnJ7+yRJ0b/UcQA=="
    },
    "compilex": {
      "version": "0.7.4",
      "resolved": "https://registry.npmjs.org/compilex/-/compilex-0.7.4.tgz",
      "integrity": "sha1-XLSHythDLAKa3MWx8p7IaXdxGAo=",
      "requires": {
        "colors": "~0.6.2",
        "cuid": "~1.2.4"
      }
    },
    "cuid": {
      "version": "1.2.5",
      "resolved": "https://registry.npmjs.org/cuid/-/cuid-1.2.5.tgz",
      "integrity": "sha1-SzYXaYf5BjzgXuCTTonM7kud6KY="
    },
    "fs": {
      "version": "0.0.1-security",
      "resolved": "https://registry.npmjs.org/fs/-/fs-0.0.1-security.tgz",
      "integrity": "sha1-invTcYa23d84E/I4WLV+yq9eQdQ="
    }
  }
}
